// !$*UTF8*$!
{
	archiveVersion = 1;
	classes = {
	};
	objectVersion = 55;
	objects = {

/* Begin PBXBuildFile section */
		C916C21429B1AE60000B51CD /* GoogleService-Info.plist in Resources */ = {isa = PBXBuildFile; fileRef = C916C21329B1AE60000B51CD /* GoogleService-Info.plist */; };
		C916C21629B1CD55000B51CD /* ImagePicker.swift in Sources */ = {isa = PBXBuildFile; fileRef = C916C21529B1CD55000B51CD /* ImagePicker.swift */; };
		C916C21929B1EE9F000B51CD /* FirebaseAuth in Frameworks */ = {isa = PBXBuildFile; productRef = C916C21829B1EE9F000B51CD /* FirebaseAuth */; };
		C916C21B29B1EE9F000B51CD /* FirebaseFirestore in Frameworks */ = {isa = PBXBuildFile; productRef = C916C21A29B1EE9F000B51CD /* FirebaseFirestore */; };
		C916C21D29B1EE9F000B51CD /* FirebaseStorage in Frameworks */ = {isa = PBXBuildFile; productRef = C916C21C29B1EE9F000B51CD /* FirebaseStorage */; };
		C916C22029B1FDEA000B51CD /* MainMessagesView.swift in Sources */ = {isa = PBXBuildFile; fileRef = C916C21F29B1FDE9000B51CD /* MainMessagesView.swift */; };
		C924EFED29B2570700DF91B9 /* FirebaseManager.swift in Sources */ = {isa = PBXBuildFile; fileRef = C924EFEC29B2570700DF91B9 /* FirebaseManager.swift */; };
		C934632C29B301FA00CE20AD /* SDWebImageSwiftUI in Frameworks */ = {isa = PBXBuildFile; productRef = C934632B29B301FA00CE20AD /* SDWebImageSwiftUI */; };
		C934632F29B31E4F00CE20AD /* ChatUser.swift in Sources */ = {isa = PBXBuildFile; fileRef = C934632E29B31E4F00CE20AD /* ChatUser.swift */; };
		C94D068429B33B7200998B76 /* CreateNewMessageView.swift in Sources */ = {isa = PBXBuildFile; fileRef = C94D068329B33B7200998B76 /* CreateNewMessageView.swift */; };
		C94D068729B3B4B700998B76 /* ChatLogView.swift in Sources */ = {isa = PBXBuildFile; fileRef = C94D068629B3B4B700998B76 /* ChatLogView.swift */; };
		C9DFDEC929B08E070078F4A4 /* ChatAppApp.swift in Sources */ = {isa = PBXBuildFile; fileRef = C9DFDEC829B08E070078F4A4 /* ChatAppApp.swift */; };
		C9DFDECB29B08E070078F4A4 /* LoginView.swift in Sources */ = {isa = PBXBuildFile; fileRef = C9DFDECA29B08E070078F4A4 /* LoginView.swift */; };
		C9DFDECD29B08E0A0078F4A4 /* Assets.xcassets in Resources */ = {isa = PBXBuildFile; fileRef = C9DFDECC29B08E0A0078F4A4 /* Assets.xcassets */; };
		C9DFDED029B08E0A0078F4A4 /* Preview Assets.xcassets in Resources */ = {isa = PBXBuildFile; fileRef = C9DFDECF29B08E0A0078F4A4 /* Preview Assets.xcassets */; };
/* End PBXBuildFile section */

/* Begin PBXFileReference section */
		C916C21329B1AE60000B51CD /* GoogleService-Info.plist */ = {isa = PBXFileReference; fileEncoding = 4; lastKnownFileType = text.plist.xml; path = "GoogleService-Info.plist"; sourceTree = "<group>"; };
		C916C21529B1CD55000B51CD /* ImagePicker.swift */ = {isa = PBXFileReference; fileEncoding = 4; lastKnownFileType = sourcecode.swift; path = ImagePicker.swift; sourceTree = "<group>"; };
		C916C21F29B1FDE9000B51CD /* MainMessagesView.swift */ = {isa = PBXFileReference; lastKnownFileType = sourcecode.swift; path = MainMessagesView.swift; sourceTree = "<group>"; };
		C924EFEC29B2570700DF91B9 /* FirebaseManager.swift */ = {isa = PBXFileReference; lastKnownFileType = sourcecode.swift; path = FirebaseManager.swift; sourceTree = "<group>"; };
		C934632E29B31E4F00CE20AD /* ChatUser.swift */ = {isa = PBXFileReference; lastKnownFileType = sourcecode.swift; path = ChatUser.swift; sourceTree = "<group>"; };
		C94D068329B33B7200998B76 /* CreateNewMessageView.swift */ = {isa = PBXFileReference; lastKnownFileType = sourcecode.swift; path = CreateNewMessageView.swift; sourceTree = "<group>"; };
		C94D068629B3B4B700998B76 /* ChatLogView.swift */ = {isa = PBXFileReference; lastKnownFileType = sourcecode.swift; path = ChatLogView.swift; sourceTree = "<group>"; };
		C9DFDEC529B08E070078F4A4 /* ChatApp.app */ = {isa = PBXFileReference; explicitFileType = wrapper.application; includeInIndex = 0; path = ChatApp.app; sourceTree = BUILT_PRODUCTS_DIR; };
		C9DFDEC829B08E070078F4A4 /* ChatAppApp.swift */ = {isa = PBXFileReference; lastKnownFileType = sourcecode.swift; path = ChatAppApp.swift; sourceTree = "<group>"; };
		C9DFDECA29B08E070078F4A4 /* LoginView.swift */ = {isa = PBXFileReference; lastKnownFileType = sourcecode.swift; path = LoginView.swift; sourceTree = "<group>"; };
		C9DFDECC29B08E0A0078F4A4 /* Assets.xcassets */ = {isa = PBXFileReference; lastKnownFileType = folder.assetcatalog; path = Assets.xcassets; sourceTree = "<group>"; };
		C9DFDECF29B08E0A0078F4A4 /* Preview Assets.xcassets */ = {isa = PBXFileReference; lastKnownFileType = folder.assetcatalog; path = "Preview Assets.xcassets"; sourceTree = "<group>"; };
/* End PBXFileReference section */

/* Begin PBXFrameworksBuildPhase section */
		C9DFDEC229B08E070078F4A4 /* Frameworks */ = {
			isa = PBXFrameworksBuildPhase;
			buildActionMask = 2147483647;
			files = (
				C934632C29B301FA00CE20AD /* SDWebImageSwiftUI in Frameworks */,
				C916C21929B1EE9F000B51CD /* FirebaseAuth in Frameworks */,
				C916C21B29B1EE9F000B51CD /* FirebaseFirestore in Frameworks */,
				C916C21D29B1EE9F000B51CD /* FirebaseStorage in Frameworks */,
			);
			runOnlyForDeploymentPostprocessing = 0;
		};
/* End PBXFrameworksBuildPhase section */

/* Begin PBXGroup section */
		C916C21E29B1FDC9000B51CD /* MainMessages */ = {
			isa = PBXGroup;
			children = (
				C94D068529B3B4A100998B76 /* Chat */,
				C94D068229B33B3D00998B76 /* NewMessage */,
				C916C21F29B1FDE9000B51CD /* MainMessagesView.swift */,
			);
			path = MainMessages;
			sourceTree = "<group>";
		};
		C924EFEB29B256EF00DF91B9 /* Utils */ = {
			isa = PBXGroup;
			children = (
				C924EFEC29B2570700DF91B9 /* FirebaseManager.swift */,
			);
			path = Utils;
			sourceTree = "<group>";
		};
		C934632D29B31E3C00CE20AD /* Model */ = {
			isa = PBXGroup;
			children = (
				C934632E29B31E4F00CE20AD /* ChatUser.swift */,
			);
			path = Model;
			sourceTree = "<group>";
		};
		C94D068229B33B3D00998B76 /* NewMessage */ = {
			isa = PBXGroup;
			children = (
				C94D068329B33B7200998B76 /* CreateNewMessageView.swift */,
			);
			path = NewMessage;
			sourceTree = "<group>";
		};
		C94D068529B3B4A100998B76 /* Chat */ = {
			isa = PBXGroup;
			children = (
				C94D068629B3B4B700998B76 /* ChatLogView.swift */,
			);
			path = Chat;
			sourceTree = "<group>";
		};
		C9DFDEBC29B08E070078F4A4 = {
			isa = PBXGroup;
			children = (
				C9DFDEC729B08E070078F4A4 /* ChatApp */,
				C9DFDEC629B08E070078F4A4 /* Products */,
			);
			sourceTree = "<group>";
		};
		C9DFDEC629B08E070078F4A4 /* Products */ = {
			isa = PBXGroup;
			children = (
				C9DFDEC529B08E070078F4A4 /* ChatApp.app */,
			);
			name = Products;
			sourceTree = "<group>";
		};
		C9DFDEC729B08E070078F4A4 /* ChatApp */ = {
			isa = PBXGroup;
			children = (
				C934632D29B31E3C00CE20AD /* Model */,
				C924EFEB29B256EF00DF91B9 /* Utils */,
				C916C21E29B1FDC9000B51CD /* MainMessages */,
				C9DFDEC829B08E070078F4A4 /* ChatAppApp.swift */,
				C9DFDECA29B08E070078F4A4 /* LoginView.swift */,
				C916C21329B1AE60000B51CD /* GoogleService-Info.plist */,
				C9DFDECC29B08E0A0078F4A4 /* Assets.xcassets */,
				C916C21529B1CD55000B51CD /* ImagePicker.swift */,
				C9DFDECE29B08E0A0078F4A4 /* Preview Content */,
			);
			path = ChatApp;
			sourceTree = "<group>";
		};
		C9DFDECE29B08E0A0078F4A4 /* Preview Content */ = {
			isa = PBXGroup;
			children = (
				C9DFDECF29B08E0A0078F4A4 /* Preview Assets.xcassets */,
			);
			path = "Preview Content";
			sourceTree = "<group>";
		};
/* End PBXGroup section */

/* Begin PBXNativeTarget section */
		C9DFDEC429B08E070078F4A4 /* ChatApp */ = {
			isa = PBXNativeTarget;
			buildConfigurationList = C9DFDED329B08E0A0078F4A4 /* Build configuration list for PBXNativeTarget "ChatApp" */;
			buildPhases = (
				C9DFDEC129B08E070078F4A4 /* Sources */,
				C9DFDEC229B08E070078F4A4 /* Frameworks */,
				C9DFDEC329B08E070078F4A4 /* Resources */,
			);
			buildRules = (
			);
			dependencies = (
			);
			name = ChatApp;
			packageProductDependencies = (
				C916C21829B1EE9F000B51CD /* FirebaseAuth */,
				C916C21A29B1EE9F000B51CD /* FirebaseFirestore */,
				C916C21C29B1EE9F000B51CD /* FirebaseStorage */,
				C934632B29B301FA00CE20AD /* SDWebImageSwiftUI */,
			);
			productName = ChatApp;
			productReference = C9DFDEC529B08E070078F4A4 /* ChatApp.app */;
			productType = "com.apple.product-type.application";
		};
/* End PBXNativeTarget section */

/* Begin PBXProject section */
		C9DFDEBD29B08E070078F4A4 /* Project object */ = {
			isa = PBXProject;
			attributes = {
				BuildIndependentTargetsInParallel = 1;
				LastSwiftUpdateCheck = 1340;
				LastUpgradeCheck = 1340;
				TargetAttributes = {
					C9DFDEC429B08E070078F4A4 = {
						CreatedOnToolsVersion = 13.4.1;
					};
				};
			};
			buildConfigurationList = C9DFDEC029B08E070078F4A4 /* Build configuration list for PBXProject "ChatApp" */;
			compatibilityVersion = "Xcode 13.0";
			developmentRegion = en;
			hasScannedForEncodings = 0;
			knownRegions = (
				en,
				Base,
			);
			mainGroup = C9DFDEBC29B08E070078F4A4;
			packageReferences = (
				C916C21729B1EE9F000B51CD /* XCRemoteSwiftPackageReference "firebase-ios-sdk" */,
				C934632A29B301F900CE20AD /* XCRemoteSwiftPackageReference "SDWebImageSwiftUI" */,
			);
			productRefGroup = C9DFDEC629B08E070078F4A4 /* Products */;
			projectDirPath = "";
			projectRoot = "";
			targets = (
				C9DFDEC429B08E070078F4A4 /* ChatApp */,
			);
		};
/* End PBXProject section */

/* Begin PBXResourcesBuildPhase section */
		C9DFDEC329B08E070078F4A4 /* Resources */ = {
			isa = PBXResourcesBuildPhase;
			buildActionMask = 2147483647;
			files = (
				C9DFDED029B08E0A0078F4A4 /* Preview Assets.xcassets in Resources */,
				C9DFDECD29B08E0A0078F4A4 /* Assets.xcassets in Resources */,
				C916C21429B1AE60000B51CD /* GoogleService-Info.plist in Resources */,
			);
			runOnlyForDeploymentPostprocessing = 0;
		};
/* End PBXResourcesBuildPhase section */

/* Begin PBXSourcesBuildPhase section */
		C9DFDEC129B08E070078F4A4 /* Sources */ = {
			isa = PBXSourcesBuildPhase;
			buildActionMask = 2147483647;
			files = (
				C934632F29B31E4F00CE20AD /* ChatUser.swift in Sources */,
				C94D068729B3B4B700998B76 /* ChatLogView.swift in Sources */,
				C916C21629B1CD55000B51CD /* ImagePicker.swift in Sources */,
				C94D068429B33B7200998B76 /* CreateNewMessageView.swift in Sources */,
				C916C22029B1FDEA000B51CD /* MainMessagesView.swift in Sources */,
				C924EFED29B2570700DF91B9 /* FirebaseManager.swift in Sources */,
				C9DFDECB29B08E070078F4A4 /* LoginView.swift in Sources */,
				C9DFDEC929B08E070078F4A4 /* ChatAppApp.swift in Sources */,
			);
			runOnlyForDeploymentPostprocessing = 0;
		};
/* End PBXSourcesBuildPhase section */

/* Begin XCBuildConfiguration section */
		C9DFDED129B08E0A0078F4A4 /* Debug */ = {
			isa = XCBuildConfiguration;
			buildSettings = {
				ALWAYS_SEARCH_USER_PATHS = NO;
				CLANG_ANALYZER_NONNULL = YES;
				CLANG_ANALYZER_NUMBER_OBJECT_CONVERSION = YES_AGGRESSIVE;
				CLANG_CXX_LANGUAGE_STANDARD = "gnu++17";
				CLANG_ENABLE_MODULES = YES;
				CLANG_ENABLE_OBJC_ARC = YES;
				CLANG_ENABLE_OBJC_WEAK = YES;
				CLANG_WARN_BLOCK_CAPTURE_AUTORELEASING = YES;
				CLANG_WARN_BOOL_CONVERSION = YES;
				CLANG_WARN_COMMA = YES;
				CLANG_WARN_CONSTANT_CONVERSION = YES;
				CLANG_WARN_DEPRECATED_OBJC_IMPLEMENTATIONS = YES;
				CLANG_WARN_DIRECT_OBJC_ISA_USAGE = YES_ERROR;
				CLANG_WARN_DOCUMENTATION_COMMENTS = YES;
				CLANG_WARN_EMPTY_BODY = YES;
				CLANG_WARN_ENUM_CONVERSION = YES;
				CLANG_WARN_INFINITE_RECURSION = YES;
				CLANG_WARN_INT_CONVERSION = YES;
				CLANG_WARN_NON_LITERAL_NULL_CONVERSION = YES;
				CLANG_WARN_OBJC_IMPLICIT_RETAIN_SELF = YES;
				CLANG_WARN_OBJC_LITERAL_CONVERSION = YES;
				CLANG_WARN_OBJC_ROOT_CLASS = YES_ERROR;
				CLANG_WARN_QUOTED_INCLUDE_IN_FRAMEWORK_HEADER = YES;
				CLANG_WARN_RANGE_LOOP_ANALYSIS = YES;
				CLANG_WARN_STRICT_PROTOTYPES = YES;
				CLANG_WARN_SUSPICIOUS_MOVE = YES;
				CLANG_WARN_UNGUARDED_AVAILABILITY = YES_AGGRESSIVE;
				CLANG_WARN_UNREACHABLE_CODE = YES;
				CLANG_WARN__DUPLICATE_METHOD_MATCH = YES;
				COPY_PHASE_STRIP = NO;
				DEBUG_INFORMATION_FORMAT = dwarf;
				ENABLE_STRICT_OBJC_MSGSEND = YES;
				ENABLE_TESTABILITY = YES;
				GCC_C_LANGUAGE_STANDARD = gnu11;
				GCC_DYNAMIC_NO_PIC = NO;
				GCC_NO_COMMON_BLOCKS = YES;
				GCC_OPTIMIZATION_LEVEL = 0;
				GCC_PREPROCESSOR_DEFINITIONS = (
					"DEBUG=1",
					"$(inherited)",
				);
				GCC_WARN_64_TO_32_BIT_CONVERSION = YES;
				GCC_WARN_ABOUT_RETURN_TYPE = YES_ERROR;
				GCC_WARN_UNDECLARED_SELECTOR = YES;
				GCC_WARN_UNINITIALIZED_AUTOS = YES_AGGRESSIVE;
				GCC_WARN_UNUSED_FUNCTION = YES;
				GCC_WARN_UNUSED_VARIABLE = YES;
				IPHONEOS_DEPLOYMENT_TARGET = 15.5;
				MTL_ENABLE_DEBUG_INFO = INCLUDE_SOURCE;
				MTL_FAST_MATH = YES;
				ONLY_ACTIVE_ARCH = YES;
				SDKROOT = iphoneos;
				SWIFT_ACTIVE_COMPILATION_CONDITIONS = DEBUG;
				SWIFT_OPTIMIZATION_LEVEL = "-Onone";
			};
			name = Debug;
		};
		C9DFDED229B08E0A0078F4A4 /* Release */ = {
			isa = XCBuildConfiguration;
			buildSettings = {
				ALWAYS_SEARCH_USER_PATHS = NO;
				CLANG_ANALYZER_NONNULL = YES;
				CLANG_ANALYZER_NUMBER_OBJECT_CONVERSION = YES_AGGRESSIVE;
				CLANG_CXX_LANGUAGE_STANDARD = "gnu++17";
				CLANG_ENABLE_MODULES = YES;
				CLANG_ENABLE_OBJC_ARC = YES;
				CLANG_ENABLE_OBJC_WEAK = YES;
				CLANG_WARN_BLOCK_CAPTURE_AUTORELEASING = YES;
				CLANG_WARN_BOOL_CONVERSION = YES;
				CLANG_WARN_COMMA = YES;
				CLANG_WARN_CONSTANT_CONVERSION = YES;
				CLANG_WARN_DEPRECATED_OBJC_IMPLEMENTATIONS = YES;
				CLANG_WARN_DIRECT_OBJC_ISA_USAGE = YES_ERROR;
				CLANG_WARN_DOCUMENTATION_COMMENTS = YES;
				CLANG_WARN_EMPTY_BODY = YES;
				CLANG_WARN_ENUM_CONVERSION = YES;
				CLANG_WARN_INFINITE_RECURSION = YES;
				CLANG_WARN_INT_CONVERSION = YES;
				CLANG_WARN_NON_LITERAL_NULL_CONVERSION = YES;
				CLANG_WARN_OBJC_IMPLICIT_RETAIN_SELF = YES;
				CLANG_WARN_OBJC_LITERAL_CONVERSION = YES;
				CLANG_WARN_OBJC_ROOT_CLASS = YES_ERROR;
				CLANG_WARN_QUOTED_INCLUDE_IN_FRAMEWORK_HEADER = YES;
				CLANG_WARN_RANGE_LOOP_ANALYSIS = YES;
				CLANG_WARN_STRICT_PROTOTYPES = YES;
				CLANG_WARN_SUSPICIOUS_MOVE = YES;
				CLANG_WARN_UNGUARDED_AVAILABILITY = YES_AGGRESSIVE;
				CLANG_WARN_UNREACHABLE_CODE = YES;
				CLANG_WARN__DUPLICATE_METHOD_MATCH = YES;
				COPY_PHASE_STRIP = NO;
				DEBUG_INFORMATION_FORMAT = "dwarf-with-dsym";
				ENABLE_NS_ASSERTIONS = NO;
				ENABLE_STRICT_OBJC_MSGSEND = YES;
				GCC_C_LANGUAGE_STANDARD = gnu11;
				GCC_NO_COMMON_BLOCKS = YES;
				GCC_WARN_64_TO_32_BIT_CONVERSION = YES;
				GCC_WARN_ABOUT_RETURN_TYPE = YES_ERROR;
				GCC_WARN_UNDECLARED_SELECTOR = YES;
				GCC_WARN_UNINITIALIZED_AUTOS = YES_AGGRESSIVE;
				GCC_WARN_UNUSED_FUNCTION = YES;
				GCC_WARN_UNUSED_VARIABLE = YES;
				IPHONEOS_DEPLOYMENT_TARGET = 15.5;
				MTL_ENABLE_DEBUG_INFO = NO;
				MTL_FAST_MATH = YES;
				SDKROOT = iphoneos;
				SWIFT_COMPILATION_MODE = wholemodule;
				SWIFT_OPTIMIZATION_LEVEL = "-O";
				VALIDATE_PRODUCT = YES;
			};
			name = Release;
		};
		C9DFDED429B08E0A0078F4A4 /* Debug */ = {
			isa = XCBuildConfiguration;
			buildSettings = {
				ASSETCATALOG_COMPILER_APPICON_NAME = AppIcon;
				ASSETCATALOG_COMPILER_GLOBAL_ACCENT_COLOR_NAME = AccentColor;
				CODE_SIGN_STYLE = Automatic;
				CURRENT_PROJECT_VERSION = 1;
				DEVELOPMENT_ASSET_PATHS = "\"ChatApp/Preview Content\"";
				ENABLE_PREVIEWS = YES;
				GENERATE_INFOPLIST_FILE = YES;
				INFOPLIST_KEY_UIApplicationSceneManifest_Generation = YES;
				INFOPLIST_KEY_UIApplicationSupportsIndirectInputEvents = YES;
				INFOPLIST_KEY_UILaunchScreen_Generation = YES;
				INFOPLIST_KEY_UISupportedInterfaceOrientations_iPad = "UIInterfaceOrientationPortrait UIInterfaceOrientationPortraitUpsideDown UIInterfaceOrientationLandscapeLeft UIInterfaceOrientationLandscapeRight";
				INFOPLIST_KEY_UISupportedInterfaceOrientations_iPhone = "UIInterfaceOrientationPortrait UIInterfaceOrientationLandscapeLeft UIInterfaceOrientationLandscapeRight";
				LD_RUNPATH_SEARCH_PATHS = (
					"$(inherited)",
					"@executable_path/Frameworks",
				);
				MARKETING_VERSION = 1.0;
				PRODUCT_BUNDLE_IDENTIFIER = com.mohit.ChatApp;
				PRODUCT_NAME = "$(TARGET_NAME)";
				SWIFT_EMIT_LOC_STRINGS = YES;
				SWIFT_VERSION = 5.0;
				TARGETED_DEVICE_FAMILY = "1,2";
			};
			name = Debug;
		};
		C9DFDED529B08E0A0078F4A4 /* Release */ = {
			isa = XCBuildConfiguration;
			buildSettings = {
				ASSETCATALOG_COMPILER_APPICON_NAME = AppIcon;
				ASSETCATALOG_COMPILER_GLOBAL_ACCENT_COLOR_NAME = AccentColor;
				CODE_SIGN_STYLE = Automatic;
				CURRENT_PROJECT_VERSION = 1;
				DEVELOPMENT_ASSET_PATHS = "\"ChatApp/Preview Content\"";
				ENABLE_PREVIEWS = YES;
				GENERATE_INFOPLIST_FILE = YES;
				INFOPLIST_KEY_UIApplicationSceneManifest_Generation = YES;
				INFOPLIST_KEY_UIApplicationSupportsIndirectInputEvents = YES;
				INFOPLIST_KEY_UILaunchScreen_Generation = YES;
				INFOPLIST_KEY_UISupportedInterfaceOrientations_iPad = "UIInterfaceOrientationPortrait UIInterfaceOrientationPortraitUpsideDown UIInterfaceOrientationLandscapeLeft UIInterfaceOrientationLandscapeRight";
				INFOPLIST_KEY_UISupportedInterfaceOrientations_iPhone = "UIInterfaceOrientationPortrait UIInterfaceOrientationLandscapeLeft UIInterfaceOrientationLandscapeRight";
				LD_RUNPATH_SEARCH_PATHS = (
					"$(inherited)",
					"@executable_path/Frameworks",
				);
				MARKETING_VERSION = 1.0;
				PRODUCT_BUNDLE_IDENTIFIER = com.mohit.ChatApp;
				PRODUCT_NAME = "$(TARGET_NAME)";
				SWIFT_EMIT_LOC_STRINGS = YES;
				SWIFT_VERSION = 5.0;
				TARGETED_DEVICE_FAMILY = "1,2";
			};
			name = Release;
		};
/* End XCBuildConfiguration section */

/* Begin XCConfigurationList section */
		C9DFDEC029B08E070078F4A4 /* Build configuration list for PBXProject "ChatApp" */ = {
			isa = XCConfigurationList;
			buildConfigurations = (
				C9DFDED129B08E0A0078F4A4 /* Debug */,
				C9DFDED229B08E0A0078F4A4 /* Release */,
			);
			defaultConfigurationIsVisible = 0;
			defaultConfigurationName = Release;
		};
		C9DFDED329B08E0A0078F4A4 /* Build configuration list for PBXNativeTarget "ChatApp" */ = {
			isa = XCConfigurationList;
			buildConfigurations = (
				C9DFDED429B08E0A0078F4A4 /* Debug */,
				C9DFDED529B08E0A0078F4A4 /* Release */,
			);
			defaultConfigurationIsVisible = 0;
			defaultConfigurationName = Release;
		};
/* End XCConfigurationList section */

/* Begin XCRemoteSwiftPackageReference section */
		C916C21729B1EE9F000B51CD /* XCRemoteSwiftPackageReference "firebase-ios-sdk" */ = {
			isa = XCRemoteSwiftPackageReference;
			repositoryURL = "https://github.com/firebase/firebase-ios-sdk.git";
			requirement = {
				branch = master;
				kind = branch;
			};
		};
		C934632A29B301F900CE20AD /* XCRemoteSwiftPackageReference "SDWebImageSwiftUI" */ = {
			isa = XCRemoteSwiftPackageReference;
			repositoryURL = "https://github.com/SDWebImage/SDWebImageSwiftUI.git";
			requirement = {
				kind = upToNextMajorVersion;
				minimumVersion = 2.0.0;
			};
		};
/* End XCRemoteSwiftPackageReference section */

/* Begin XCSwiftPackageProductDependency section */
		C916C21829B1EE9F000B51CD /* FirebaseAuth */ = {
			isa = XCSwiftPackageProductDependency;
			package = C916C21729B1EE9F000B51CD /* XCRemoteSwiftPackageReference "firebase-ios-sdk" */;
			productName = FirebaseAuth;
		};
		C916C21A29B1EE9F000B51CD /* FirebaseFirestore */ = {
			isa = XCSwiftPackageProductDependency;
			package = C916C21729B1EE9F000B51CD /* XCRemoteSwiftPackageReference "firebase-ios-sdk" */;
			productName = FirebaseFirestore;
		};
		C916C21C29B1EE9F000B51CD /* FirebaseStorage */ = {
			isa = XCSwiftPackageProductDependency;
			package = C916C21729B1EE9F000B51CD /* XCRemoteSwiftPackageReference "firebase-ios-sdk" */;
			productName = FirebaseStorage;
		};
		C934632B29B301FA00CE20AD /* SDWebImageSwiftUI */ = {
			isa = XCSwiftPackageProductDependency;
			package = C934632A29B301F900CE20AD /* XCRemoteSwiftPackageReference "SDWebImageSwiftUI" */;
			productName = SDWebImageSwiftUI;
		};
/* End XCSwiftPackageProductDependency section */
	};
	rootObject = C9DFDEBD29B08E070078F4A4 /* Project object */;
}
